github.com/google/uuid v1.1.0/go.mod h1:TIyPZe4MgqvfeYDBFedMoGGpEw/LqOeaOT+nhxU+yHo=
github.com/google/uuid v1.1.1 h1:Gkbcsh/GbpXz7lPftLA3P6TYMwjCLYm83jiFQZF/3gY=
github.com/google/uuid v1.1.1/go.mod h1:TIyPZe4MgqvfeYDBFedMoGGpEw/LqOeaOT+nhxU+yHo=
github.com/maruel/rs v0.0.0-20150922171536-2c81c4312fe4 h1:u9jwvcKbQpghIXgNl/EOL8hzhAFXh4ePrEP493W3tNA=
github.com/maruel/rs v0.0.0-20150922171536-2c81c4312fe4/go.mod h1:kcRFpEzolcEklV6rD7W95mG49/sbdX/PlFmd7ni3RvA=
github.com/tuotoo/qrcode v0.0.0-20190222102259-ac9c44189bf2 h1:BWVtt2VBY+lmVDu9MGKqLGKl04B+iRHcrW1Ptyi/8tg=
github.com/tuotoo/qrcode v0.0.0-20190222102259-ac9c44189bf2/go.mod h1:lPnW9HVS0vJdeYyQtOvIvlXgZPNhUAhwz+z5r8AJk0Y=
